
Microsoft Visual Studio Solution File, Format Version 11.00
# Visual Studio 2010
Project("{8BC9CEB8-8B4A-11D0-8D11-00A0C91BC942}") = "iNFekt", "infekt-win32\iNFekt.vcxproj", "{1A43C657-CFFD-4BDF-A031-7F9C2449D6A0}"
EndProject
Project("{8BC9CEB8-8B4A-11D0-8D11-00A0C91BC942}") = "infekt-console", "infekt-console\infekt-console.vcxproj", "{CBB123C8-0763-4BFD-BF90-4DD767096287}"
EndProject
Project("{8BC9CEB8-8B4A-11D0-8D11-00A0C91BC942}") = "win32-plugin-imdb", "win32-plugin-imdb\win32-plugin-imdb.vcxproj", "{89B1A3CF-F817-4824-8477-A5DFF0F62AD4}"
EndProject
Project("{8BC9CEB8-8B4A-11D0-8D11-00A0C91BC942}") = "infekt-win32-shell-dll", "infekt-win32-shell-dll\infekt-win32-shell-dll.vcxproj", "{398F9B1D-82AC-4D6C-A88E-68401EBC831A}"
EndProject
Project("{8BC9CEB8-8B4A-11D0-8D11-00A0C91BC942}") = "infekt-win32-updater", "win32-updater\infekt-win32-updater.vcxproj", "{2CFCF01E-5875-45A0-81D4-31E7F4F7DB17}"
EndProject
Project("{8BC9CEB8-8B4A-11D0-8D11-00A0C91BC942}") = "cuda-blur", "cuda-blur\cuda-blur.vcxproj", "{206BE5F9-2BAA-468C-9F78-28E8B3F0D488}"
EndProject
Global
	GlobalSection(SolutionConfigurationPlatforms) = preSolution
		Debug|Win32 = Debug|Win32
		Debug|x64 = Debug|x64
		Release|Win32 = Release|Win32
		Release|x64 = Release|x64
	EndGlobalSection
	GlobalSection(ProjectConfigurationPlatforms) = postSolution
		{1A43C657-CFFD-4BDF-A031-7F9C2449D6A0}.Debug|Win32.ActiveCfg = Debug|Win32
		{1A43C657-CFFD-4BDF-A031-7F9C2449D6A0}.Debug|Win32.Build.0 = Debug|Win32
		{1A43C657-CFFD-4BDF-A031-7F9C2449D6A0}.Debug|x64.ActiveCfg = Debug|x64
		{1A43C657-CFFD-4BDF-A031-7F9C2449D6A0}.Debug|x64.Build.0 = Debug|x64
		{1A43C657-CFFD-4BDF-A031-7F9C2449D6A0}.Release|Win32.ActiveCfg = Release|Win32
		{1A43C657-CFFD-4BDF-A031-7F9C2449D6A0}.Release|Win32.Build.0 = Release|Win32
		{1A43C657-CFFD-4BDF-A031-7F9C2449D6A0}.Release|x64.ActiveCfg = Release|x64
		{1A43C657-CFFD-4BDF-A031-7F9C2449D6A0}.Release|x64.Build.0 = Release|x64
		{CBB123C8-0763-4BFD-BF90-4DD767096287}.Debug|Win32.ActiveCfg = Debug|Win32
		{CBB123C8-0763-4BFD-BF90-4DD767096287}.Debug|Win32.Build.0 = Debug|Win32
		{CBB123C8-0763-4BFD-BF90-4DD767096287}.Debug|x64.ActiveCfg = Debug|x64
		{CBB123C8-0763-4BFD-BF90-4DD767096287}.Debug|x64.Build.0 = Debug|x64
		{CBB123C8-0763-4BFD-BF90-4DD767096287}.Release|Win32.ActiveCfg = Release|Win32
		{CBB123C8-0763-4BFD-BF90-4DD767096287}.Release|Win32.Build.0 = Release|Win32
		{CBB123C8-0763-4BFD-BF90-4DD767096287}.Release|x64.ActiveCfg = Release|x64
		{CBB123C8-0763-4BFD-BF90-4DD767096287}.Release|x64.Build.0 = Release|x64
		{89B1A3CF-F817-4824-8477-A5DFF0F62AD4}.Debug|Win32.ActiveCfg = Debug|Win32
		{89B1A3CF-F817-4824-8477-A5DFF0F62AD4}.Debug|Win32.Build.0 = Debug|Win32
		{89B1A3CF-F817-4824-8477-A5DFF0F62AD4}.Debug|x64.ActiveCfg = Debug|x64
		{89B1A3CF-F817-4824-8477-A5DFF0F62AD4}.Debug|x64.Build.0 = Debug|x64
		{89B1A3CF-F817-4824-8477-A5DFF0F62AD4}.Release|Win32.ActiveCfg = Release|Win32
		{89B1A3CF-F817-4824-8477-A5DFF0F62AD4}.Release|Win32.Build.0 = Release|Win32
		{89B1A3CF-F817-4824-8477-A5DFF0F62AD4}.Release|x64.ActiveCfg = Release|x64
		{89B1A3CF-F817-4824-8477-A5DFF0F62AD4}.Release|x64.Build.0 = Release|x64
		{398F9B1D-82AC-4D6C-A88E-68401EBC831A}.Debug|Win32.ActiveCfg = Debug|Win32
		{398F9B1D-82AC-4D6C-A88E-68401EBC831A}.Debug|Win32.Build.0 = Debug|Win32
		{398F9B1D-82AC-4D6C-A88E-68401EBC831A}.Debug|x64.ActiveCfg = Debug|x64
		{398F9B1D-82AC-4D6C-A88E-68401EBC831A}.Debug|x64.Build.0 = Debug|x64
		{398F9B1D-82AC-4D6C-A88E-68401EBC831A}.Release|Win32.ActiveCfg = Release|Win32
		{398F9B1D-82AC-4D6C-A88E-68401EBC831A}.Release|Win32.Build.0 = Release|Win32
		{398F9B1D-82AC-4D6C-A88E-68401EBC831A}.Release|x64.ActiveCfg = Release|x64
		{398F9B1D-82AC-4D6C-A88E-68401EBC831A}.Release|x64.Build.0 = Release|x64
		{2CFCF01E-5875-45A0-81D4-31E7F4F7DB17}.Debug|Win32.ActiveCfg = Debug|Win32
		{2CFCF01E-5875-45A0-81D4-31E7F4F7DB17}.Debug|Win32.Build.0 = Debug|Win32
		{2CFCF01E-5875-45A0-81D4-31E7F4F7DB17}.Debug|x64.ActiveCfg = Debug|Win32
		{2CFCF01E-5875-45A0-81D4-31E7F4F7DB17}.Release|Win32.ActiveCfg = Release|Win32
		{2CFCF01E-5875-45A0-81D4-31E7F4F7DB17}.Release|Win32.Build.0 = Release|Win32
		{2CFCF01E-5875-45A0-81D4-31E7F4F7DB17}.Release|x64.ActiveCfg = Release|Win32
		{206BE5F9-2BAA-468C-9F78-28E8B3F0D488}.Debug|Win32.ActiveCfg = Debug|Win32
		{206BE5F9-2BAA-468C-9F78-28E8B3F0D488}.Debug|Win32.Build.0 = Debug|Win32
		{206BE5F9-2BAA-468C-9F78-28E8B3F0D488}.Debug|x64.ActiveCfg = Debug|Win32
		{206BE5F9-2BAA-468C-9F78-28E8B3F0D488}.Release|Win32.ActiveCfg = Release|Win32
		{206BE5F9-2BAA-468C-9F78-28E8B3F0D488}.Release|Win32.Build.0 = Release|Win32
		{206BE5F9-2BAA-468C-9F78-28E8B3F0D488}.Release|x64.ActiveCfg = Release|x64
		{206BE5F9-2BAA-468C-9F78-28E8B3F0D488}.Release|x64.Build.0 = Release|x64
	EndGlobalSection
	GlobalSection(SolutionProperties) = preSolution
		HideSolutionNode = FALSE
	EndGlobalSection
EndGlobal
